
Microsoft Visual Studio Solution File, Format Version 12.00
# Visual Studio Version 17
VisualStudioVersion = 17.4.33213.308
MinimumVisualStudioVersion = 10.0.40219.1
Project("{9A19103F-16F7-4668-BE54-9A1E7A4F7556}") = "TestTaskForMekashop", "TestTaskForMekashop\TestTaskForMekashop.csproj", "{B74DD739-0BB3-4111-A691-9ADD2986C7A1}"
EndProject
Project("{FAE04EC0-301F-11D3-BF4B-00C04F79EFBC}") = "TestTaskForMekashop.DAL", "TestTaskForMekashop.DAL\TestTaskForMekashop.DAL.csproj", "{253AFCB6-B54A-4794-8372-CCDF7DBC1EB8}"
EndProject
Project("{FAE04EC0-301F-11D3-BF4B-00C04F79EFBC}") = "TestTaskForMekashop.DOMAIN", "TestTaskForMekashop.DOMAIN\TestTaskForMekashop.DOMAIN.csproj", "{35F0D102-E5D5-4E51-9522-11C3D0719BDD}"
EndProject
Project("{FAE04EC0-301F-11D3-BF4B-00C04F79EFBC}") = "TestTaskForMekashop.Service", "TestTaskForMekashop.Service\TestTaskForMekashop.Service.csproj", "{3477B5AB-1F30-4015-BE1E-0804A35239A3}"
EndProject
Global
	GlobalSection(SolutionConfigurationPlatforms) = preSolution
		Debug|Any CPU = Debug|Any CPU
		Release|Any CPU = Release|Any CPU
	EndGlobalSection
	GlobalSection(ProjectConfigurationPlatforms) = postSolution
		{B74DD739-0BB3-4111-A691-9ADD2986C7A1}.Debug|Any CPU.ActiveCfg = Debug|Any CPU
		{B74DD739-0BB3-4111-A691-9ADD2986C7A1}.Debug|Any CPU.Build.0 = Debug|Any CPU
		{B74DD739-0BB3-4111-A691-9ADD2986C7A1}.Release|Any CPU.ActiveCfg = Release|Any CPU
		{B74DD739-0BB3-4111-A691-9ADD2986C7A1}.Release|Any CPU.Build.0 = Release|Any CPU
		{253AFCB6-B54A-4794-8372-CCDF7DBC1EB8}.Debug|Any CPU.ActiveCfg = Debug|Any CPU
		{253AFCB6-B54A-4794-8372-CCDF7DBC1EB8}.Debug|Any CPU.Build.0 = Debug|Any CPU
		{253AFCB6-B54A-4794-8372-CCDF7DBC1EB8}.Release|Any CPU.ActiveCfg = Release|Any CPU
		{253AFCB6-B54A-4794-8372-CCDF7DBC1EB8}.Release|Any CPU.Build.0 = Release|Any CPU
		{35F0D102-E5D5-4E51-9522-11C3D0719BDD}.Debug|Any CPU.ActiveCfg = Debug|Any CPU
		{35F0D102-E5D5-4E51-9522-11C3D0719BDD}.Debug|Any CPU.Build.0 = Debug|Any CPU
		{35F0D102-E5D5-4E51-9522-11C3D0719BDD}.Release|Any CPU.ActiveCfg = Release|Any CPU
		{35F0D102-E5D5-4E51-9522-11C3D0719BDD}.Release|Any CPU.Build.0 = Release|Any CPU
		{3477B5AB-1F30-4015-BE1E-0804A35239A3}.Debug|Any CPU.ActiveCfg = Debug|Any CPU
		{3477B5AB-1F30-4015-BE1E-0804A35239A3}.Debug|Any CPU.Build.0 = Debug|Any CPU
		{3477B5AB-1F30-4015-BE1E-0804A35239A3}.Release|Any CPU.ActiveCfg = Release|Any CPU
		{3477B5AB-1F30-4015-BE1E-0804A35239A3}.Release|Any CPU.Build.0 = Release|Any CPU
	EndGlobalSection
	GlobalSection(SolutionProperties) = preSolution
		HideSolutionNode = FALSE
	EndGlobalSection
	GlobalSection(ExtensibilityGlobals) = postSolution
		SolutionGuid = {6B3D47A2-314D-4E28-80E7-C3BDDF20A805}
	EndGlobalSection
EndGlobal
